
Microsoft Visual Studio Solution File, Format Version 12.00
# Visual Studio Version 17
VisualStudioVersion = 17.6.33829.357
MinimumVisualStudioVersion = 10.0.40219.1
Project("{9A19103F-16F7-4668-BE54-9A1E7A4F7556}") = "praktikaylrik", "praktikaylrik\praktikaylrik.csproj", "{BE10E44D-8DAA-48A0-B8F1-CC42BDEF5A4E}"
EndProject
Project("{9A19103F-16F7-4668-BE54-9A1E7A4F7556}") = "praktikaylrikTests", "praktikaylrikTests\praktikaylrikTests.csproj", "{D15AB3C3-FCC1-49B2-95E5-879013A4E1C6}"
EndProject
Global
	GlobalSection(SolutionConfigurationPlatforms) = preSolution
		Debug|Any CPU = Debug|Any CPU
		Release|Any CPU = Release|Any CPU
	EndGlobalSection
	GlobalSection(ProjectConfigurationPlatforms) = postSolution
		{BE10E44D-8DAA-48A0-B8F1-CC42BDEF5A4E}.Debug|Any CPU.ActiveCfg = Debug|Any CPU
		{BE10E44D-8DAA-48A0-B8F1-CC42BDEF5A4E}.Debug|Any CPU.Build.0 = Debug|Any CPU
		{BE10E44D-8DAA-48A0-B8F1-CC42BDEF5A4E}.Release|Any CPU.ActiveCfg = Release|Any CPU
		{BE10E44D-8DAA-48A0-B8F1-CC42BDEF5A4E}.Release|Any CPU.Build.0 = Release|Any CPU
		{D15AB3C3-FCC1-49B2-95E5-879013A4E1C6}.Debug|Any CPU.ActiveCfg = Debug|Any CPU
		{D15AB3C3-FCC1-49B2-95E5-879013A4E1C6}.Debug|Any CPU.Build.0 = Debug|Any CPU
		{D15AB3C3-FCC1-49B2-95E5-879013A4E1C6}.Release|Any CPU.ActiveCfg = Release|Any CPU
		{D15AB3C3-FCC1-49B2-95E5-879013A4E1C6}.Release|Any CPU.Build.0 = Release|Any CPU
	EndGlobalSection
	GlobalSection(SolutionProperties) = preSolution
		HideSolutionNode = FALSE
	EndGlobalSection
	GlobalSection(ExtensibilityGlobals) = postSolution
		SolutionGuid = {90289670-F498-49EF-8846-372CDCCCC95B}
	EndGlobalSection
EndGlobal
